
Microsoft Visual Studio Solution File, Format Version 11.00
# Visual Studio 2010
Project("{FAE04EC0-301F-11D3-BF4B-00C04F79EFBC}") = "XAMLDataBinding", "XAMLDataBinding.csproj", "{F3F5A353-0193-46C9-AEA9-2EE544B544BD}"
EndProject
Global
	GlobalSection(SolutionConfigurationPlatforms) = preSolution
		Debug|x86 = Debug|x86
		Release|x86 = Release|x86
	EndGlobalSection
	GlobalSection(ProjectConfigurationPlatforms) = postSolution
		{F3F5A353-0193-46C9-AEA9-2EE544B544BD}.Debug|x86.ActiveCfg = Debug|x86
		{F3F5A353-0193-46C9-AEA9-2EE544B544BD}.Debug|x86.Build.0 = Debug|x86
		{F3F5A353-0193-46C9-AEA9-2EE544B544BD}.Release|x86.ActiveCfg = Release|x86
		{F3F5A353-0193-46C9-AEA9-2EE544B544BD}.Release|x86.Build.0 = Release|x86
	EndGlobalSection
	GlobalSection(SolutionProperties) = preSolution
		HideSolutionNode = FALSE
	EndGlobalSection
EndGlobal
