
Microsoft Visual Studio Solution File, Format Version 11.00
# Visual Studio 2010
Project("{FAE04EC0-301F-11D3-BF4B-00C04F79EFBC}") = "2-Layout", "2-Layout.csproj", "{571AE335-A26A-4716-9CCA-D7F16C7CAE86}"
EndProject
Global
	GlobalSection(SolutionConfigurationPlatforms) = preSolution
		Debug|x86 = Debug|x86
		Release|x86 = Release|x86
	EndGlobalSection
	GlobalSection(ProjectConfigurationPlatforms) = postSolution
		{571AE335-A26A-4716-9CCA-D7F16C7CAE86}.Debug|x86.ActiveCfg = Debug|x86
		{571AE335-A26A-4716-9CCA-D7F16C7CAE86}.Debug|x86.Build.0 = Debug|x86
		{571AE335-A26A-4716-9CCA-D7F16C7CAE86}.Release|x86.ActiveCfg = Release|x86
		{571AE335-A26A-4716-9CCA-D7F16C7CAE86}.Release|x86.Build.0 = Release|x86
	EndGlobalSection
	GlobalSection(SolutionProperties) = preSolution
		HideSolutionNode = FALSE
	EndGlobalSection
EndGlobal
