
Microsoft Visual Studio Solution File, Format Version 11.00
# Visual Studio 2010
Project("{FAE04EC0-301F-11D3-BF4B-00C04F79EFBC}") = "MVVM", "MVVM.csproj", "{FF24D462-C69D-4382-A58D-87120131E25A}"
EndProject
Global
	GlobalSection(SolutionConfigurationPlatforms) = preSolution
		Debug|x86 = Debug|x86
		Release|x86 = Release|x86
	EndGlobalSection
	GlobalSection(ProjectConfigurationPlatforms) = postSolution
		{FF24D462-C69D-4382-A58D-87120131E25A}.Debug|x86.ActiveCfg = Debug|x86
		{FF24D462-C69D-4382-A58D-87120131E25A}.Debug|x86.Build.0 = Debug|x86
		{FF24D462-C69D-4382-A58D-87120131E25A}.Release|x86.ActiveCfg = Release|x86
		{FF24D462-C69D-4382-A58D-87120131E25A}.Release|x86.Build.0 = Release|x86
	EndGlobalSection
	GlobalSection(SolutionProperties) = preSolution
		HideSolutionNode = FALSE
	EndGlobalSection
EndGlobal
