
Microsoft Visual Studio Solution File, Format Version 11.00
# Visual Studio 2010
Project("{FAE04EC0-301F-11D3-BF4B-00C04F79EFBC}") = "HelloWorld", "HelloWorld.csproj", "{EC37178E-661E-4D95-BB77-547149B351B1}"
EndProject
Global
	GlobalSection(SolutionConfigurationPlatforms) = preSolution
		Debug|x86 = Debug|x86
		Release|x86 = Release|x86
	EndGlobalSection
	GlobalSection(ProjectConfigurationPlatforms) = postSolution
		{EC37178E-661E-4D95-BB77-547149B351B1}.Debug|x86.ActiveCfg = Debug|x86
		{EC37178E-661E-4D95-BB77-547149B351B1}.Debug|x86.Build.0 = Debug|x86
		{EC37178E-661E-4D95-BB77-547149B351B1}.Release|x86.ActiveCfg = Release|x86
		{EC37178E-661E-4D95-BB77-547149B351B1}.Release|x86.Build.0 = Release|x86
	EndGlobalSection
	GlobalSection(SolutionProperties) = preSolution
		HideSolutionNode = FALSE
	EndGlobalSection
EndGlobal
